".claude/skills/to-smart-issues/SKILL.md" = "b2322c7041d5dce60629cc4bdb3941fefe2e91586a14a1833a15ea4a02ab1616"
".claude/skills/to-smart-prd/SKILL.md" = "2c1d0afb44effff68e6d7e787c90575b2a994e2e5c84d0918c62ef528fe87fca"
".github/skills/to-smart-issues/SKILL.md" = "b2322c7041d5dce60629cc4bdb3941fefe2e91586a14a1833a15ea4a02ab1616"
".github/skills/to-smart-prd/SKILL.md" = "2c1d0afb44effff68e6d7e787c90575b2a994e2e5c84d0918c62ef528fe87fca"
".scratch/feat-file-drift/issues/01-weft-lock-seal-drifted-state.md" = "fa0656b4cfe8227dbe43cf092edbea02e33cb415a5755e83f22aa23c25d5c139"
"docs/adr/0001-rust-traceability-engine-with-machine-first-records.md" = "7152976ebf62e1153d58ca125c2827bc40bc0b1a41628ca187d1a30012520ccc"
"docs/adr/0002-drift-detection-via-content-hash-frozen-in-annotations.md" = "6d9a341cb7c8637f94a875c05f76e21385c6f577a27f41a791482d6962dd246e"
"docs/adr/0004-core-manipulation-commands-as-the-minimum-toolbox.md" = "ce89ceb496e040b909fea61dab285e4801f386e59fad785aa8e771ff44a54e9b"
"docs/adr/0005-language-agnostic-trace-annotations-and-trace-state.md" = "cef854c9553ca8faeba7b117ac84a4db9c9b486854f386ac5d4407a250349358"
"docs/adr/0006-operational-commands-complete-the-cli-surface.md" = "15be582f82f8d538bdb10527ecca9481214902a33fe334ad048e4e5652e66b83"
"docs/adr/0007-skills-bookend-the-toolchain-as-traceable-documents.md" = "31c3ba9a2bff2598b07b9e1b12d6e83659c0f78db1343b9c76edbc86bcfc1569"
"docs/adr/0008-maintenance-removes-the-legacy-installer-and-makes-user-stories-ephemeral.md" = "c132338d3ae94327387083fcabb7443ddd3520fd1bad0a6ad14e4a908fb14f80"
"docs/adr/0009-file-hash-drift-detection-via-weft-lock-and-seal.md" = "b439ca8e045e1d6ed1a7cb9f8e4d945b7679486e24a971209b79ebeaf7db2bb2"
"logs/ralph/01-weft-lock-seal-drifted-state-20260612-002356.jsonl" = "7ba9238ec85c92bb4e6554dd07733448a470692098a9cd25d880f392225aadb3"
"logs/ralph/01-weft-lock-seal-drifted-state-20260612-002356.log" = "7308a2a49624ec5cc83250b48716c7c69cd1ca120f142e6fb843f179e6715fc4"
"logs/ralph/slice-10-20260610-111838.jsonl" = "56adcc00b9fad830b088a777b1f32557018ddae86236dcc89061726c0631b59d"
"logs/ralph/slice-10-20260610-111838.log" = "0fe5e295c09db93aa1ae884bbd2ae0a9aa585718e0c2063d47d958d87da3bd1a"
"logs/ralph/slice-11-20260610-112450.jsonl" = "e6ae9f61d0a5287629d9664a64d5df438e6ff6d8051ce0a3d5e3aedd87afbb0c"
"logs/ralph/slice-11-20260610-112450.log" = "796d1b3c2cbd54e307cd74dba493648ea2114c9372efe999713a142900077b25"
"logs/ralph/slice-11-20260610-211924.jsonl" = "e645dd9a6bdd4b321ac4e83e6c6864a73c811e23838292f862f34e12a3869352"
"logs/ralph/slice-11-20260610-211924.log" = "60384f4a5a6d0d97afa78e16ce7373ba6f66afe1c4bc5b5cc92732129de38b45"
"logs/ralph/slice-12-20260610-212146.jsonl" = "dfc593fbc0c228a8baa87c5a73c74b0c6ac6bf5f88d20c23a09d76773f187fc7"
"logs/ralph/slice-12-20260610-212146.log" = "d9439b02718b73abbf692980884772fba6984bbea6072330814b6f60d65abd84"
"logs/ralph/slice-13-20260610-212636.jsonl" = "8c119ec5eb255a5804db6a2a461ca2cb64d3a74eaa7a2388ba16232575b5b373"
"logs/ralph/slice-13-20260610-212636.log" = "84aa3a9f9fbb5893a444827e6a7d3cb018232ab497febc68409c9e77104e93af"
"logs/ralph/slice-14-20260610-213640.jsonl" = "44adb98b68774a73e39643dd0f05183e29c42cc82d5c69d4aa4ef517f046f161"
"logs/ralph/slice-14-20260610-213640.log" = "339905d2086fe6edc0648bd7862850880340cdad92221358873eff853b75f512"
"logs/ralph/slice-9-20260610-110724.jsonl" = "0bfcfdc7a664870427e88348900cfd8ecfc0d7522bbf50c07efcd1c76ae98fed"
"logs/ralph/slice-9-20260610-110724.log" = "068a1a6cf4bafa21f7d901a0609daaa23fcf93aaf9eef8011810d94023f69318"
"weft-core/src/lib.rs" = "9c1c58c5fbafd556547cec48f26540bc99f6b584f9d45ce6c1625463b5108637"
"weft-core/tests/bump.rs" = "23431b85832307477a95f7262bd6c823488cb3d4ece92a77bba736cc527e071d"
"weft-core/tests/drift.rs" = "82e9b12014a1d74e0eaeb238ffd85ecf5373b8e36550a4616ba8fc255c2f67ef"
"weft-core/tests/hashing.rs" = "8b751478e9cded9fecf53e142de891e7b2d86b13fa362f18ae6b8d3a748490f9"
"weft-core/tests/requirement.rs" = "ed30988365ee60823b5c85bd2637f1eee918c5e14f00c072fb2e0187fff4cfb2"
"weft-core/tests/trace.rs" = "90ab50a8a018a31980353e3785a4f959fe9633fad2aba24cfc0443edf58f09ed"
"weft/src/main.rs" = "02eac0622bec4ffddb490c91ca5bc4e47c960507fded64b567c48248aca29da0"
"weft/tests/check.rs" = "e923173c2d1f6d76babaec8784b11a85658e590269b208cd35862dba1261fae6"
"weft/tests/cli.rs" = "564bcc03416d9dca154485a4a7097d0450331a5a6a5425f5ca268ad1e73b6435"
"weft/tests/deprecate.rs" = "b16bb2a2d03d3fe3f46016fc5864afedd46edc3e64d7216d1d46b302387da15b"
"weft/tests/init.rs" = "ddfdb0f9613c3926921417b3c373f625a88d77de7fcd161055ec19eded896042"
"weft/tests/maintenance.rs" = "cae0ed352d8419845c3b269567dc8c4168ed8955d0b50c0ac7e8751e63f83718"
"weft/tests/render.rs" = "16e7522c3815a6c55dd36388015b31894cbbd415d889a8e387c362e6dcf29eb0"
"weft/tests/seal.rs" = "058a28873a352544eeddf8ba3596e48172aa53cc6e9db30ed55210eddf22e5a0"
"weft/tests/skills.rs" = "35a683f91d2eda261c6254bc57e9d4db1023d7f15be6bbb6903edef4fd93a3e8"
