".claude/skills/to-smart-issues/SKILL.md" = "b2322c7041d5dce60629cc4bdb3941fefe2e91586a14a1833a15ea4a02ab1616"
".claude/skills/to-smart-prd/SKILL.md" = "2c1d0afb44effff68e6d7e787c90575b2a994e2e5c84d0918c62ef528fe87fca"
".github/skills/to-smart-issues/SKILL.md" = "b2322c7041d5dce60629cc4bdb3941fefe2e91586a14a1833a15ea4a02ab1616"
".github/skills/to-smart-prd/SKILL.md" = "2c1d0afb44effff68e6d7e787c90575b2a994e2e5c84d0918c62ef528fe87fca"
"agent-tools/skills/to-smart-issues/SKILL.md" = "b2322c7041d5dce60629cc4bdb3941fefe2e91586a14a1833a15ea4a02ab1616"
"agent-tools/skills/to-smart-prd/SKILL.md" = "2c1d0afb44effff68e6d7e787c90575b2a994e2e5c84d0918c62ef528fe87fca"
"docs/adr/0001-rust-traceability-engine-with-machine-first-records.md" = "7152976ebf62e1153d58ca125c2827bc40bc0b1a41628ca187d1a30012520ccc"
"docs/adr/0002-drift-detection-via-content-hash-frozen-in-annotations.md" = "b030a11a274f429e65e57ec07c8f2e491c0b48826eb04ae27e85d55ac4c4cf32"
"docs/adr/0004-core-manipulation-commands-as-the-minimum-toolbox.md" = "ce89ceb496e040b909fea61dab285e4801f386e59fad785aa8e771ff44a54e9b"
"docs/adr/0005-language-agnostic-trace-annotations-and-trace-state.md" = "cef854c9553ca8faeba7b117ac84a4db9c9b486854f386ac5d4407a250349358"
"docs/adr/0006-operational-commands-complete-the-cli-surface.md" = "b2810af3f003e3a44429afcb4fb21684ab62cc59df504067c73de8e59eb11cd1"
"docs/adr/0007-skills-bookend-the-toolchain-as-traceable-documents.md" = "31c3ba9a2bff2598b07b9e1b12d6e83659c0f78db1343b9c76edbc86bcfc1569"
"docs/adr/0008-maintenance-removes-the-legacy-installer-and-makes-user-stories-ephemeral.md" = "c132338d3ae94327387083fcabb7443ddd3520fd1bad0a6ad14e4a908fb14f80"
"docs/adr/0009-file-hash-drift-detection-via-weft-lock-and-seal.md" = "b439ca8e045e1d6ed1a7cb9f8e4d945b7679486e24a971209b79ebeaf7db2bb2"
"docs/adr/0010-weftignore-for-project-specific-scan-excludes.md" = "728b08a333d62786f25b8ff4462b55963eace303ec55aaf82489d461cd92e089"
"docs/adr/0011-check-summary-rollup-and-dangling-annotation-detection.md" = "c1103672dbad78da4a8a7994e5f554feb2ddf0e25bb5febc46815d69e96a643e"
"docs/adr/0012-trace-and-annotate-reverse-lookup-commands.md" = "9de2d401b45b4cd4ef3ab71f09ff1b949bfbeab17ade7e097435e45e6cbeac56"
"docs/adr/0013-check-exposes-structured-gap-detail.md" = "a9ce3867cf698aca1b4d1861be93115b0c07b1325c6185e6b3a75575cb204db6"
"docs/adr/0014-dynamic-verification-via-configured-test-command.md" = "b4ae92052af3165ad8893de44d4f2aed40d6923650f2a3d089013e29aa459f94"
"docs/adr/0015-reserved-example-req-id-for-illustrative-annotations.md" = "badefb3da088bf28e250679879789adb8f745a6f49de37c48031f7d97eaf9ed8"
"weft-core/src/lib.rs" = "1b398892ab8e29c0778dcafbd1d16ce9908ece6da14febcc254f41175925bd56"
"weft-core/tests/bump.rs" = "23431b85832307477a95f7262bd6c823488cb3d4ece92a77bba736cc527e071d"
"weft-core/tests/check_detail.rs" = "e214dcfdc016d87f20928222f093e0d3eebc28f859f21f288911d6625a31a124"
"weft-core/tests/drift.rs" = "82e9b12014a1d74e0eaeb238ffd85ecf5373b8e36550a4616ba8fc255c2f67ef"
"weft-core/tests/hashing.rs" = "8b751478e9cded9fecf53e142de891e7b2d86b13fa362f18ae6b8d3a748490f9"
"weft-core/tests/requirement.rs" = "3bf9078417be5541c389515e234ab631a1bf86797f091b96b0dd352953d4f9f2"
"weft-core/tests/test_config.rs" = "05915550597d82d2cf0e435a774226334c8d6d76e456b50a0f19f2fd435fa815"
"weft-core/tests/trace.rs" = "ff25738d6d9cd6aba3e0769821dd07c9910211e1bbf725d40067978683e24e3e"
"weft-core/tests/verified.rs" = "d760333afcf5a8ea744cb2c88282cdcadf7e8eff66c04f15c8e5363a9023ceb2"
"weft/build.rs" = "c23ca17ce9af49711abf542d08717c05c17d5d6912308140e9a1aa73f098c982"
"weft/src/main.rs" = "38de1230bc613a9e76b83fe65d7032865e91b5cc8d827f32101d20fa7cfe1052"
"weft/tests/annotate.rs" = "463a4924230e37f77997811b18470a1c37dd066d1a54b20a56f5c3a1a1248d33"
"weft/tests/check.rs" = "9bb7968ab2f6af49f94b4d3494603daed329651ea932c1986af5f4de2697609d"
"weft/tests/cli.rs" = "564bcc03416d9dca154485a4a7097d0450331a5a6a5425f5ca268ad1e73b6435"
"weft/tests/deprecate.rs" = "b16bb2a2d03d3fe3f46016fc5864afedd46edc3e64d7216d1d46b302387da15b"
"weft/tests/gate.rs" = "3bf2312d89a1693bd0e4f3cecc4703264d6e129ed69c254267936fdf55e1aa6c"
"weft/tests/init.rs" = "f5331e9d69c0b0319374169dc0c2b43ec51c3a00e18d7dba757ff8741c784e09"
"weft/tests/maintenance.rs" = "cae0ed352d8419845c3b269567dc8c4168ed8955d0b50c0ac7e8751e63f83718"
"weft/tests/next.rs" = "639265193b1a0c1684ac446c978b8ac59f05476017ee540d380649c19ec989f8"
"weft/tests/render.rs" = "16e7522c3815a6c55dd36388015b31894cbbd415d889a8e387c362e6dcf29eb0"
"weft/tests/seal.rs" = "058a28873a352544eeddf8ba3596e48172aa53cc6e9db30ed55210eddf22e5a0"
"weft/tests/skills.rs" = "35a683f91d2eda261c6254bc57e9d4db1023d7f15be6bbb6903edef4fd93a3e8"
"weft/tests/test.rs" = "3778695d5c1a2151aded6d1c00b8e4f9b31381fe1c39d808378720e46060f655"
"weft/tests/trace.rs" = "2e260c13e394460978d1b21fe16e0e95cb63064c9868f13371063226ea02d5ca"
