".claude/skills/to-smart-issues/SKILL.md" = "b2322c7041d5dce60629cc4bdb3941fefe2e91586a14a1833a15ea4a02ab1616"
".claude/skills/to-smart-prd/SKILL.md" = "2c1d0afb44effff68e6d7e787c90575b2a994e2e5c84d0918c62ef528fe87fca"
".github/skills/to-smart-issues/SKILL.md" = "b2322c7041d5dce60629cc4bdb3941fefe2e91586a14a1833a15ea4a02ab1616"
".github/skills/to-smart-prd/SKILL.md" = "2c1d0afb44effff68e6d7e787c90575b2a994e2e5c84d0918c62ef528fe87fca"
"docs/adr/0001-rust-traceability-engine-with-machine-first-records.md" = "7152976ebf62e1153d58ca125c2827bc40bc0b1a41628ca187d1a30012520ccc"
"docs/adr/0002-drift-detection-via-content-hash-frozen-in-annotations.md" = "6d9a341cb7c8637f94a875c05f76e21385c6f577a27f41a791482d6962dd246e"
"docs/adr/0004-core-manipulation-commands-as-the-minimum-toolbox.md" = "ce89ceb496e040b909fea61dab285e4801f386e59fad785aa8e771ff44a54e9b"
"docs/adr/0005-language-agnostic-trace-annotations-and-trace-state.md" = "cef854c9553ca8faeba7b117ac84a4db9c9b486854f386ac5d4407a250349358"
"docs/adr/0006-operational-commands-complete-the-cli-surface.md" = "15be582f82f8d538bdb10527ecca9481214902a33fe334ad048e4e5652e66b83"
"docs/adr/0007-skills-bookend-the-toolchain-as-traceable-documents.md" = "31c3ba9a2bff2598b07b9e1b12d6e83659c0f78db1343b9c76edbc86bcfc1569"
"docs/adr/0008-maintenance-removes-the-legacy-installer-and-makes-user-stories-ephemeral.md" = "c132338d3ae94327387083fcabb7443ddd3520fd1bad0a6ad14e4a908fb14f80"
"docs/adr/0009-file-hash-drift-detection-via-weft-lock-and-seal.md" = "b439ca8e045e1d6ed1a7cb9f8e4d945b7679486e24a971209b79ebeaf7db2bb2"
"docs/adr/0010-weftignore-for-project-specific-scan-excludes.md" = "728b08a333d62786f25b8ff4462b55963eace303ec55aaf82489d461cd92e089"
"docs/adr/0011-check-summary-rollup-and-dangling-annotation-detection.md" = "c1103672dbad78da4a8a7994e5f554feb2ddf0e25bb5febc46815d69e96a643e"
"weft-core/src/lib.rs" = "795de9e8e25cd765f05fb53604342cd92dd793ebdcee1544ba7e5bab65008595"
"weft-core/tests/bump.rs" = "23431b85832307477a95f7262bd6c823488cb3d4ece92a77bba736cc527e071d"
"weft-core/tests/drift.rs" = "82e9b12014a1d74e0eaeb238ffd85ecf5373b8e36550a4616ba8fc255c2f67ef"
"weft-core/tests/hashing.rs" = "8b751478e9cded9fecf53e142de891e7b2d86b13fa362f18ae6b8d3a748490f9"
"weft-core/tests/requirement.rs" = "ed30988365ee60823b5c85bd2637f1eee918c5e14f00c072fb2e0187fff4cfb2"
"weft-core/tests/trace.rs" = "cf64fee9e5da36501a9c29ffcd28607a1e7f8c3c105d1fcee3eee2023618d977"
"weft/src/main.rs" = "d2447792b4ab526911ef27aa8c2962f8d858491eef55673deb3c358543f87330"
"weft/tests/check.rs" = "3ba40daf6836e54df2f8720c7aa63b6ef41d1cc2383a5b4f1f84eb88202c4605"
"weft/tests/cli.rs" = "564bcc03416d9dca154485a4a7097d0450331a5a6a5425f5ca268ad1e73b6435"
"weft/tests/deprecate.rs" = "b16bb2a2d03d3fe3f46016fc5864afedd46edc3e64d7216d1d46b302387da15b"
"weft/tests/init.rs" = "05d358ccdb5f0aaa3bed18cf2678a16fcfc37b8bb48919bbe3e54065310bb3c4"
"weft/tests/maintenance.rs" = "cae0ed352d8419845c3b269567dc8c4168ed8955d0b50c0ac7e8751e63f83718"
"weft/tests/render.rs" = "16e7522c3815a6c55dd36388015b31894cbbd415d889a8e387c362e6dcf29eb0"
"weft/tests/seal.rs" = "058a28873a352544eeddf8ba3596e48172aa53cc6e9db30ed55210eddf22e5a0"
"weft/tests/skills.rs" = "35a683f91d2eda261c6254bc57e9d4db1023d7f15be6bbb6903edef4fd93a3e8"
